
Microsoft Visual Studio Solution File, Format Version 12.00
# Visual Studio Version 17
VisualStudioVersion = 17.12.35521.163 d17.12
MinimumVisualStudioVersion = 10.0.40219.1
Project("{FAE04EC0-301F-11D3-BF4B-00C04F79EFBC}") = "ZipLink.Presentation", "ZipLink.Presentation\ZipLink.Presentation.csproj", "{137760B2-C1A6-49BD-9604-3038E18B6D55}"
EndProject
Global
	GlobalSection(SolutionConfigurationPlatforms) = preSolution
		Debug|Any CPU = Debug|Any CPU
		Release|Any CPU = Release|Any CPU
	EndGlobalSection
	GlobalSection(ProjectConfigurationPlatforms) = postSolution
		{137760B2-C1A6-49BD-9604-3038E18B6D55}.Debug|Any CPU.ActiveCfg = Debug|Any CPU
		{137760B2-C1A6-49BD-9604-3038E18B6D55}.Debug|Any CPU.Build.0 = Debug|Any CPU
		{137760B2-C1A6-49BD-9604-3038E18B6D55}.Release|Any CPU.ActiveCfg = Release|Any CPU
		{137760B2-C1A6-49BD-9604-3038E18B6D55}.Release|Any CPU.Build.0 = Release|Any CPU
	EndGlobalSection
	GlobalSection(SolutionProperties) = preSolution
		HideSolutionNode = FALSE
	EndGlobalSection
EndGlobal
